
Microsoft Visual Studio Solution File, Format Version 12.00
# Visual Studio 15
VisualStudioVersion = 15.0.27703.2047
MinimumVisualStudioVersion = 10.0.40219.1
Project("{9A19103F-16F7-4668-BE54-9A1E7A4F7556}") = "Mindbox.I18n", "Mindbox.I18n\Mindbox.I18n.csproj", "{1997B271-2FC1-4FB8-ABF3-16EED8254599}"
EndProject
Project("{FAE04EC0-301F-11D3-BF4B-00C04F79EFBC}") = "Mindbox.I18n.Sandbox", "Mindbox.I18n.Sandbox\Mindbox.I18n.Sandbox.csproj", "{4DC0CFE7-3E6E-47FA-88C8-5C10F5842928}"
EndProject
Project("{FAE04EC0-301F-11D3-BF4B-00C04F79EFBC}") = "Mindbox.I18n.Analyzers", "Mindbox.I18n.Analyzers\Mindbox.I18n.Analyzers\Mindbox.I18n.Analyzers.csproj", "{C2A90E90-5C23-4448-A00C-1302B250C633}"
EndProject
Project("{FAE04EC0-301F-11D3-BF4B-00C04F79EFBC}") = "Mindbox.I18n.Analyzers.Test", "Mindbox.I18n.Analyzers\Mindbox.I18n.Analyzers.Test\Mindbox.I18n.Analyzers.Test.csproj", "{4AC828DD-3CA7-4587-8441-D8138F6AEF76}"
EndProject
Project("{FAE04EC0-301F-11D3-BF4B-00C04F79EFBC}") = "Mindbox.I18n.Abstractions", "Mindbox.I18n.Abstractions\Mindbox.I18n.Abstractions.csproj", "{65360C53-2302-476C-A616-9188EF0D600F}"
EndProject
Global
	GlobalSection(SolutionConfigurationPlatforms) = preSolution
		Debug|Any CPU = Debug|Any CPU
		Release|Any CPU = Release|Any CPU
	EndGlobalSection
	GlobalSection(ProjectConfigurationPlatforms) = postSolution
		{1997B271-2FC1-4FB8-ABF3-16EED8254599}.Debug|Any CPU.ActiveCfg = Debug|Any CPU
		{1997B271-2FC1-4FB8-ABF3-16EED8254599}.Debug|Any CPU.Build.0 = Debug|Any CPU
		{1997B271-2FC1-4FB8-ABF3-16EED8254599}.Release|Any CPU.ActiveCfg = Release|Any CPU
		{1997B271-2FC1-4FB8-ABF3-16EED8254599}.Release|Any CPU.Build.0 = Release|Any CPU
		{4DC0CFE7-3E6E-47FA-88C8-5C10F5842928}.Debug|Any CPU.ActiveCfg = Debug|Any CPU
		{4DC0CFE7-3E6E-47FA-88C8-5C10F5842928}.Debug|Any CPU.Build.0 = Debug|Any CPU
		{4DC0CFE7-3E6E-47FA-88C8-5C10F5842928}.Release|Any CPU.ActiveCfg = Release|Any CPU
		{4DC0CFE7-3E6E-47FA-88C8-5C10F5842928}.Release|Any CPU.Build.0 = Release|Any CPU
		{C2A90E90-5C23-4448-A00C-1302B250C633}.Debug|Any CPU.ActiveCfg = Debug|Any CPU
		{C2A90E90-5C23-4448-A00C-1302B250C633}.Debug|Any CPU.Build.0 = Debug|Any CPU
		{C2A90E90-5C23-4448-A00C-1302B250C633}.Release|Any CPU.ActiveCfg = Release|Any CPU
		{C2A90E90-5C23-4448-A00C-1302B250C633}.Release|Any CPU.Build.0 = Release|Any CPU
		{4AC828DD-3CA7-4587-8441-D8138F6AEF76}.Debug|Any CPU.ActiveCfg = Debug|Any CPU
		{4AC828DD-3CA7-4587-8441-D8138F6AEF76}.Debug|Any CPU.Build.0 = Debug|Any CPU
		{4AC828DD-3CA7-4587-8441-D8138F6AEF76}.Release|Any CPU.ActiveCfg = Release|Any CPU
		{4AC828DD-3CA7-4587-8441-D8138F6AEF76}.Release|Any CPU.Build.0 = Release|Any CPU
		{65360C53-2302-476C-A616-9188EF0D600F}.Debug|Any CPU.ActiveCfg = Debug|Any CPU
		{65360C53-2302-476C-A616-9188EF0D600F}.Debug|Any CPU.Build.0 = Debug|Any CPU
		{65360C53-2302-476C-A616-9188EF0D600F}.Release|Any CPU.ActiveCfg = Release|Any CPU
		{65360C53-2302-476C-A616-9188EF0D600F}.Release|Any CPU.Build.0 = Release|Any CPU
	EndGlobalSection
	GlobalSection(SolutionProperties) = preSolution
		HideSolutionNode = FALSE
	EndGlobalSection
	GlobalSection(ExtensibilityGlobals) = postSolution
		SolutionGuid = {B55896E7-54BE-4F1F-B21A-6923E4EAD814}
	EndGlobalSection
EndGlobal
