
Microsoft Visual Studio Solution File, Format Version 12.00
# Visual Studio Version 17
VisualStudioVersion = 17.1.32228.430
MinimumVisualStudioVersion = 10.0.40219.1
Project("{9A19103F-16F7-4668-BE54-9A1E7A4F7556}") = "Mindbox.I18n.Analyzers", "Mindbox.I18n.Analyzers\Mindbox.I18n.Analyzers\Mindbox.I18n.Analyzers.csproj", "{468A8AF3-EFA7-4FEE-93B7-DDB9F5EE14EC}"
EndProject
Project("{9A19103F-16F7-4668-BE54-9A1E7A4F7556}") = "Mindbox.I18n.Analyzers.Test", "Mindbox.I18n.Analyzers\Mindbox.I18n.Analyzers.Test\Mindbox.I18n.Analyzers.Test.csproj", "{CA3FD631-3CE7-4DC8-8CBB-1A77AC9C627B}"
EndProject
Project("{9A19103F-16F7-4668-BE54-9A1E7A4F7556}") = "Mindbox.I18n", "Mindbox.I18n\Mindbox.I18n.csproj", "{4C3516A8-F84F-46CC-96BC-31D15115D2F0}"
EndProject
Project("{9A19103F-16F7-4668-BE54-9A1E7A4F7556}") = "Mindbox.I18n.AspNetCore", "Mindbox.I18n.AspNetCore\Mindbox.I18n.AspNetCore.csproj", "{79BF0373-D8E8-408F-A609-7B0D5C3FCD62}"
EndProject
Project("{2150E333-8FDC-42A3-9474-1A3956D46DE8}") = "Solution Items", "Solution Items", "{0EBB4929-0BBD-41D0-943F-467627EB7EF0}"
	ProjectSection(SolutionItems) = preProject
		.editorconfig = .editorconfig
		Directory.Build.props = Directory.Build.props
	EndProjectSection
EndProject
Project("{9A19103F-16F7-4668-BE54-9A1E7A4F7556}") = "Mindbox.I18n.AspNetCore.Tests", "Mindbox.I18n.AspNetCore.Tests\Mindbox.I18n.AspNetCore.Tests.csproj", "{FE60B00F-7BCC-4374-AD65-96CD74F3DCA7}"
EndProject
Project("{9A19103F-16F7-4668-BE54-9A1E7A4F7556}") = "Mindbox.I18n.Abstractions", "Mindbox.I18n.Abstractions\Mindbox.I18n.Abstractions.csproj", "{32D48396-0A59-4931-99F2-D6C985696DFC}"
EndProject
Project("{9A19103F-16F7-4668-BE54-9A1E7A4F7556}") = "Mindbox.I18n.Sandbox", "Mindbox.I18n.Sandbox\Mindbox.I18n.Sandbox.csproj", "{C8457BEE-B5DD-4F04-8BC4-9AB6DA9B4E00}"
EndProject
Global
	GlobalSection(SolutionConfigurationPlatforms) = preSolution
		Debug|Any CPU = Debug|Any CPU
		Release|Any CPU = Release|Any CPU
	EndGlobalSection
	GlobalSection(ProjectConfigurationPlatforms) = postSolution
		{468A8AF3-EFA7-4FEE-93B7-DDB9F5EE14EC}.Debug|Any CPU.ActiveCfg = Debug|Any CPU
		{468A8AF3-EFA7-4FEE-93B7-DDB9F5EE14EC}.Debug|Any CPU.Build.0 = Debug|Any CPU
		{468A8AF3-EFA7-4FEE-93B7-DDB9F5EE14EC}.Release|Any CPU.ActiveCfg = Release|Any CPU
		{468A8AF3-EFA7-4FEE-93B7-DDB9F5EE14EC}.Release|Any CPU.Build.0 = Release|Any CPU
		{CA3FD631-3CE7-4DC8-8CBB-1A77AC9C627B}.Debug|Any CPU.ActiveCfg = Debug|Any CPU
		{CA3FD631-3CE7-4DC8-8CBB-1A77AC9C627B}.Debug|Any CPU.Build.0 = Debug|Any CPU
		{CA3FD631-3CE7-4DC8-8CBB-1A77AC9C627B}.Release|Any CPU.ActiveCfg = Release|Any CPU
		{CA3FD631-3CE7-4DC8-8CBB-1A77AC9C627B}.Release|Any CPU.Build.0 = Release|Any CPU
		{4C3516A8-F84F-46CC-96BC-31D15115D2F0}.Debug|Any CPU.ActiveCfg = Debug|Any CPU
		{4C3516A8-F84F-46CC-96BC-31D15115D2F0}.Debug|Any CPU.Build.0 = Debug|Any CPU
		{4C3516A8-F84F-46CC-96BC-31D15115D2F0}.Release|Any CPU.ActiveCfg = Release|Any CPU
		{4C3516A8-F84F-46CC-96BC-31D15115D2F0}.Release|Any CPU.Build.0 = Release|Any CPU
		{79BF0373-D8E8-408F-A609-7B0D5C3FCD62}.Debug|Any CPU.ActiveCfg = Debug|Any CPU
		{79BF0373-D8E8-408F-A609-7B0D5C3FCD62}.Debug|Any CPU.Build.0 = Debug|Any CPU
		{79BF0373-D8E8-408F-A609-7B0D5C3FCD62}.Release|Any CPU.ActiveCfg = Release|Any CPU
		{79BF0373-D8E8-408F-A609-7B0D5C3FCD62}.Release|Any CPU.Build.0 = Release|Any CPU
		{FE60B00F-7BCC-4374-AD65-96CD74F3DCA7}.Debug|Any CPU.ActiveCfg = Debug|Any CPU
		{FE60B00F-7BCC-4374-AD65-96CD74F3DCA7}.Debug|Any CPU.Build.0 = Debug|Any CPU
		{FE60B00F-7BCC-4374-AD65-96CD74F3DCA7}.Release|Any CPU.ActiveCfg = Release|Any CPU
		{FE60B00F-7BCC-4374-AD65-96CD74F3DCA7}.Release|Any CPU.Build.0 = Release|Any CPU
		{32D48396-0A59-4931-99F2-D6C985696DFC}.Debug|Any CPU.ActiveCfg = Debug|Any CPU
		{32D48396-0A59-4931-99F2-D6C985696DFC}.Debug|Any CPU.Build.0 = Debug|Any CPU
		{32D48396-0A59-4931-99F2-D6C985696DFC}.Release|Any CPU.ActiveCfg = Release|Any CPU
		{32D48396-0A59-4931-99F2-D6C985696DFC}.Release|Any CPU.Build.0 = Release|Any CPU
		{C8457BEE-B5DD-4F04-8BC4-9AB6DA9B4E00}.Debug|Any CPU.ActiveCfg = Debug|Any CPU
		{C8457BEE-B5DD-4F04-8BC4-9AB6DA9B4E00}.Debug|Any CPU.Build.0 = Debug|Any CPU
		{C8457BEE-B5DD-4F04-8BC4-9AB6DA9B4E00}.Release|Any CPU.ActiveCfg = Release|Any CPU
		{C8457BEE-B5DD-4F04-8BC4-9AB6DA9B4E00}.Release|Any CPU.Build.0 = Release|Any CPU
	EndGlobalSection
	GlobalSection(SolutionProperties) = preSolution
		HideSolutionNode = FALSE
	EndGlobalSection
	GlobalSection(ExtensibilityGlobals) = postSolution
		SolutionGuid = {3FDB530E-5378-48FB-BBF0-082C19DCD439}
	EndGlobalSection
EndGlobal
